
Microsoft Visual Studio Solution File, Format Version 12.00
# Visual Studio Version 17
VisualStudioVersion = 17.10.35013.160
MinimumVisualStudioVersion = 10.0.40219.1
Project("{F184B08F-C81C-45F6-A57F-5ABD9991F28F}") = "ASSIGNMENT", "ASSIGNMENT\ASSIGNMENT.vbproj", "{617FE865-B13C-4D2A-AD42-6C9667012981}"
EndProject
Global
	GlobalSection(SolutionConfigurationPlatforms) = preSolution
		Debug|Any CPU = Debug|Any CPU
		Release|Any CPU = Release|Any CPU
	EndGlobalSection
	GlobalSection(ProjectConfigurationPlatforms) = postSolution
		{617FE865-B13C-4D2A-AD42-6C9667012981}.Debug|Any CPU.ActiveCfg = Debug|Any CPU
		{617FE865-B13C-4D2A-AD42-6C9667012981}.Debug|Any CPU.Build.0 = Debug|Any CPU
		{617FE865-B13C-4D2A-AD42-6C9667012981}.Release|Any CPU.ActiveCfg = Release|Any CPU
		{617FE865-B13C-4D2A-AD42-6C9667012981}.Release|Any CPU.Build.0 = Release|Any CPU
	EndGlobalSection
	GlobalSection(SolutionProperties) = preSolution
		HideSolutionNode = FALSE
	EndGlobalSection
	GlobalSection(ExtensibilityGlobals) = postSolution
		SolutionGuid = {9FC6F711-2573-48B9-982C-053EE8D10B1D}
	EndGlobalSection
EndGlobal
